// !$*UTF8*$!
{
	archiveVersion = 1;
	classes = {
	};
	objectVersion = 50;
	objects = {

/* Begin PBXBuildFile section */
		B46F2F172685969200601E29 /* FGPopupStack.m in Sources */ = {isa = PBXBuildFile; fileRef = B46F2F162685969200601E29 /* FGPopupStack.m */; };
		B46F2F1B26859A6500601E29 /* FGPopupPriorityList.m in Sources */ = {isa = PBXBuildFile; fileRef = B46F2F1A26859A6500601E29 /* FGPopupPriorityList.m */; };
		B46F2F212685A89B00601E29 /* PriorityPopupView.m in Sources */ = {isa = PBXBuildFile; fileRef = B46F2F202685A89B00601E29 /* PriorityPopupView.m */; };
		B46F2F4126878CC000601E29 /* PopupViewHandler.m in Sources */ = {isa = PBXBuildFile; fileRef = B46F2F4026878CC000601E29 /* PopupViewHandler.m */; };
		B48AAB322682E12A0081381E /* AppDelegate.m in Sources */ = {isa = PBXBuildFile; fileRef = B48AAB312682E12A0081381E /* AppDelegate.m */; };
		B48AAB352682E12A0081381E /* SceneDelegate.m in Sources */ = {isa = PBXBuildFile; fileRef = B48AAB342682E12A0081381E /* SceneDelegate.m */; };
		B48AAB382682E12A0081381E /* ViewController.m in Sources */ = {isa = PBXBuildFile; fileRef = B48AAB372682E12A0081381E /* ViewController.m */; };
		B48AAB3B2682E12A0081381E /* Main.storyboard in Resources */ = {isa = PBXBuildFile; fileRef = B48AAB392682E12A0081381E /* Main.storyboard */; };
		B48AAB3D2682E12C0081381E /* Assets.xcassets in Resources */ = {isa = PBXBuildFile; fileRef = B48AAB3C2682E12C0081381E /* Assets.xcassets */; };
		B48AAB402682E12C0081381E /* LaunchScreen.storyboard in Resources */ = {isa = PBXBuildFile; fileRef = B48AAB3E2682E12C0081381E /* LaunchScreen.storyboard */; };
		B48AAB432682E12C0081381E /* main.m in Sources */ = {isa = PBXBuildFile; fileRef = B48AAB422682E12C0081381E /* main.m */; };
		B48AAB4F2682E19C0081381E /* FGPopupScheduler.m in Sources */ = {isa = PBXBuildFile; fileRef = B48AAB4D2682E19C0081381E /* FGPopupScheduler.m */; };
		B48AAB5426830C030081381E /* FGPopupQueue.m in Sources */ = {isa = PBXBuildFile; fileRef = B48AAB5326830C030081381E /* FGPopupQueue.m */; };
		B491BCCB2683557C00281EDC /* BasePopupView.m in Sources */ = {isa = PBXBuildFile; fileRef = B491BCCA2683557C00281EDC /* BasePopupView.m */; };
		B491BCD1268356B100281EDC /* AnimationShowPopupView.m in Sources */ = {isa = PBXBuildFile; fileRef = B491BCD0268356B100281EDC /* AnimationShowPopupView.m */; };
		B491BCD52683586400281EDC /* ConditionsPopView.m in Sources */ = {isa = PBXBuildFile; fileRef = B491BCD42683586400281EDC /* ConditionsPopView.m */; };
		B491BCDA268358EF00281EDC /* UIView+Category.m in Sources */ = {isa = PBXBuildFile; fileRef = B491BCD9268358EF00281EDC /* UIView+Category.m */; };
		B491BCDF2683592900281EDC /* BlueViewController.m in Sources */ = {isa = PBXBuildFile; fileRef = B491BCDE2683592900281EDC /* BlueViewController.m */; };
		B491BD702684502F00281EDC /* Uitl.m in Sources */ = {isa = PBXBuildFile; fileRef = B491BD6F2684502F00281EDC /* Uitl.m */; };
		B491BD742684586C00281EDC /* FGPopupList.mm in Sources */ = {isa = PBXBuildFile; fileRef = B491BD732684586C00281EDC /* FGPopupList.mm */; };
/* End PBXBuildFile section */

/* Begin PBXFileReference section */
		B46F2F152685969200601E29 /* FGPopupStack.h */ = {isa = PBXFileReference; lastKnownFileType = sourcecode.c.h; path = FGPopupStack.h; sourceTree = "<group>"; };
		B46F2F162685969200601E29 /* FGPopupStack.m */ = {isa = PBXFileReference; lastKnownFileType = sourcecode.c.objc; path = FGPopupStack.m; sourceTree = "<group>"; };
		B46F2F1926859A6500601E29 /* FGPopupPriorityList.h */ = {isa = PBXFileReference; lastKnownFileType = sourcecode.c.h; path = FGPopupPriorityList.h; sourceTree = "<group>"; };
		B46F2F1A26859A6500601E29 /* FGPopupPriorityList.m */ = {isa = PBXFileReference; lastKnownFileType = sourcecode.c.objc; path = FGPopupPriorityList.m; sourceTree = "<group>"; };
		B46F2F1F2685A89B00601E29 /* PriorityPopupView.h */ = {isa = PBXFileReference; lastKnownFileType = sourcecode.c.h; path = PriorityPopupView.h; sourceTree = "<group>"; };
		B46F2F202685A89B00601E29 /* PriorityPopupView.m */ = {isa = PBXFileReference; lastKnownFileType = sourcecode.c.objc; path = PriorityPopupView.m; sourceTree = "<group>"; };
		B46F2F3F26878CC000601E29 /* PopupViewHandler.h */ = {isa = PBXFileReference; lastKnownFileType = sourcecode.c.h; path = PopupViewHandler.h; sourceTree = "<group>"; };
		B46F2F4026878CC000601E29 /* PopupViewHandler.m */ = {isa = PBXFileReference; lastKnownFileType = sourcecode.c.objc; path = PopupViewHandler.m; sourceTree = "<group>"; };
		B48AAB2D2682E12A0081381E /* FGPopupSchedulerDemo.app */ = {isa = PBXFileReference; explicitFileType = wrapper.application; includeInIndex = 0; path = FGPopupSchedulerDemo.app; sourceTree = BUILT_PRODUCTS_DIR; };
		B48AAB302682E12A0081381E /* AppDelegate.h */ = {isa = PBXFileReference; lastKnownFileType = sourcecode.c.h; path = AppDelegate.h; sourceTree = "<group>"; };
		B48AAB312682E12A0081381E /* AppDelegate.m */ = {isa = PBXFileReference; lastKnownFileType = sourcecode.c.objc; path = AppDelegate.m; sourceTree = "<group>"; };
		B48AAB332682E12A0081381E /* SceneDelegate.h */ = {isa = PBXFileReference; lastKnownFileType = sourcecode.c.h; path = SceneDelegate.h; sourceTree = "<group>"; };
		B48AAB342682E12A0081381E /* SceneDelegate.m */ = {isa = PBXFileReference; lastKnownFileType = sourcecode.c.objc; path = SceneDelegate.m; sourceTree = "<group>"; };
		B48AAB362682E12A0081381E /* ViewController.h */ = {isa = PBXFileReference; lastKnownFileType = sourcecode.c.h; path = ViewController.h; sourceTree = "<group>"; };
		B48AAB372682E12A0081381E /* ViewController.m */ = {isa = PBXFileReference; lastKnownFileType = sourcecode.c.objc; path = ViewController.m; sourceTree = "<group>"; };
		B48AAB3A2682E12A0081381E /* Base */ = {isa = PBXFileReference; lastKnownFileType = file.storyboard; name = Base; path = Base.lproj/Main.storyboard; sourceTree = "<group>"; };
		B48AAB3C2682E12C0081381E /* Assets.xcassets */ = {isa = PBXFileReference; lastKnownFileType = folder.assetcatalog; path = Assets.xcassets; sourceTree = "<group>"; };
		B48AAB3F2682E12C0081381E /* Base */ = {isa = PBXFileReference; lastKnownFileType = file.storyboard; name = Base; path = Base.lproj/LaunchScreen.storyboard; sourceTree = "<group>"; };
		B48AAB412682E12C0081381E /* Info.plist */ = {isa = PBXFileReference; lastKnownFileType = text.plist.xml; path = Info.plist; sourceTree = "<group>"; };
		B48AAB422682E12C0081381E /* main.m */ = {isa = PBXFileReference; lastKnownFileType = sourcecode.c.objc; path = main.m; sourceTree = "<group>"; };
		B48AAB4B2682E19C0081381E /* FGPopupSchedulerConstant.h */ = {isa = PBXFileReference; fileEncoding = 4; lastKnownFileType = sourcecode.c.h; path = FGPopupSchedulerConstant.h; sourceTree = "<group>"; };
		B48AAB4C2682E19C0081381E /* FGPopupScheduler.h */ = {isa = PBXFileReference; fileEncoding = 4; lastKnownFileType = sourcecode.c.h; path = FGPopupScheduler.h; sourceTree = "<group>"; };
		B48AAB4D2682E19C0081381E /* FGPopupScheduler.m */ = {isa = PBXFileReference; fileEncoding = 4; lastKnownFileType = sourcecode.c.objc; path = FGPopupScheduler.m; sourceTree = "<group>"; };
		B48AAB4E2682E19C0081381E /* FGPopupView.h */ = {isa = PBXFileReference; fileEncoding = 4; lastKnownFileType = sourcecode.c.h; path = FGPopupView.h; sourceTree = "<group>"; };
		B48AAB51268306E90081381E /* FGPopupSchedulerStrategyQueue.h */ = {isa = PBXFileReference; lastKnownFileType = sourcecode.c.h; path = FGPopupSchedulerStrategyQueue.h; sourceTree = "<group>"; };
		B48AAB5226830C030081381E /* FGPopupQueue.h */ = {isa = PBXFileReference; lastKnownFileType = sourcecode.c.h; path = FGPopupQueue.h; sourceTree = "<group>"; };
		B48AAB5326830C030081381E /* FGPopupQueue.m */ = {isa = PBXFileReference; lastKnownFileType = sourcecode.c.objc; path = FGPopupQueue.m; sourceTree = "<group>"; };
		B491BCC92683557C00281EDC /* BasePopupView.h */ = {isa = PBXFileReference; lastKnownFileType = sourcecode.c.h; path = BasePopupView.h; sourceTree = "<group>"; };
		B491BCCA2683557C00281EDC /* BasePopupView.m */ = {isa = PBXFileReference; lastKnownFileType = sourcecode.c.objc; path = BasePopupView.m; sourceTree = "<group>"; };
		B491BCCF268356B100281EDC /* AnimationShowPopupView.h */ = {isa = PBXFileReference; lastKnownFileType = sourcecode.c.h; path = AnimationShowPopupView.h; sourceTree = "<group>"; };
		B491BCD0268356B100281EDC /* AnimationShowPopupView.m */ = {isa = PBXFileReference; lastKnownFileType = sourcecode.c.objc; path = AnimationShowPopupView.m; sourceTree = "<group>"; };
		B491BCD32683586400281EDC /* ConditionsPopView.h */ = {isa = PBXFileReference; lastKnownFileType = sourcecode.c.h; path = ConditionsPopView.h; sourceTree = "<group>"; };
		B491BCD42683586400281EDC /* ConditionsPopView.m */ = {isa = PBXFileReference; lastKnownFileType = sourcecode.c.objc; path = ConditionsPopView.m; sourceTree = "<group>"; };
		B491BCD8268358EF00281EDC /* UIView+Category.h */ = {isa = PBXFileReference; lastKnownFileType = sourcecode.c.h; path = "UIView+Category.h"; sourceTree = "<group>"; };
		B491BCD9268358EF00281EDC /* UIView+Category.m */ = {isa = PBXFileReference; lastKnownFileType = sourcecode.c.objc; path = "UIView+Category.m"; sourceTree = "<group>"; };
		B491BCDD2683592900281EDC /* BlueViewController.h */ = {isa = PBXFileReference; lastKnownFileType = sourcecode.c.h; path = BlueViewController.h; sourceTree = "<group>"; };
		B491BCDE2683592900281EDC /* BlueViewController.m */ = {isa = PBXFileReference; lastKnownFileType = sourcecode.c.objc; path = BlueViewController.m; sourceTree = "<group>"; };
		B491BD6E2684502F00281EDC /* Uitl.h */ = {isa = PBXFileReference; lastKnownFileType = sourcecode.c.h; path = Uitl.h; sourceTree = "<group>"; };
		B491BD6F2684502F00281EDC /* Uitl.m */ = {isa = PBXFileReference; lastKnownFileType = sourcecode.c.objc; path = Uitl.m; sourceTree = "<group>"; };
		B491BD722684586B00281EDC /* FGPopupList.h */ = {isa = PBXFileReference; lastKnownFileType = sourcecode.c.h; path = FGPopupList.h; sourceTree = "<group>"; };
		B491BD732684586C00281EDC /* FGPopupList.mm */ = {isa = PBXFileReference; lastKnownFileType = sourcecode.cpp.objcpp; path = FGPopupList.mm; sourceTree = "<group>"; };
		B491BE0726847CE900281EDC /* FGPopupList+Internal.h */ = {isa = PBXFileReference; lastKnownFileType = sourcecode.c.h; path = "FGPopupList+Internal.h"; sourceTree = "<group>"; };
/* End PBXFileReference section */

/* Begin PBXFrameworksBuildPhase section */
		B48AAB2A2682E12A0081381E /* Frameworks */ = {
			isa = PBXFrameworksBuildPhase;
			buildActionMask = 2147483647;
			files = (
			);
			runOnlyForDeploymentPostprocessing = 0;
		};
/* End PBXFrameworksBuildPhase section */

/* Begin PBXGroup section */
		B48AAB242682E12A0081381E = {
			isa = PBXGroup;
			children = (
				B48AAB2F2682E12A0081381E /* FGPopupSchedulerDemo */,
				B48AAB2E2682E12A0081381E /* Products */,
			);
			sourceTree = "<group>";
		};
		B48AAB2E2682E12A0081381E /* Products */ = {
			isa = PBXGroup;
			children = (
				B48AAB2D2682E12A0081381E /* FGPopupSchedulerDemo.app */,
			);
			name = Products;
			sourceTree = "<group>";
		};
		B48AAB2F2682E12A0081381E /* FGPopupSchedulerDemo */ = {
			isa = PBXGroup;
			children = (
				B48AAB4A2682E19C0081381E /* FGPopupScheduler */,
				B48AAB302682E12A0081381E /* AppDelegate.h */,
				B48AAB312682E12A0081381E /* AppDelegate.m */,
				B48AAB332682E12A0081381E /* SceneDelegate.h */,
				B48AAB342682E12A0081381E /* SceneDelegate.m */,
				B48AAB362682E12A0081381E /* ViewController.h */,
				B48AAB372682E12A0081381E /* ViewController.m */,
				B491BCDD2683592900281EDC /* BlueViewController.h */,
				B491BCDE2683592900281EDC /* BlueViewController.m */,
				B491BCD7268358C700281EDC /* util */,
				B491BCC82683555700281EDC /* popView */,
				B48AAB392682E12A0081381E /* Main.storyboard */,
				B48AAB3C2682E12C0081381E /* Assets.xcassets */,
				B48AAB3E2682E12C0081381E /* LaunchScreen.storyboard */,
				B48AAB412682E12C0081381E /* Info.plist */,
				B48AAB422682E12C0081381E /* main.m */,
			);
			path = FGPopupSchedulerDemo;
			sourceTree = "<group>";
		};
		B48AAB4A2682E19C0081381E /* FGPopupScheduler */ = {
			isa = PBXGroup;
			children = (
				B491BD722684586B00281EDC /* FGPopupList.h */,
				B491BD732684586C00281EDC /* FGPopupList.mm */,
				B491BE0726847CE900281EDC /* FGPopupList+Internal.h */,
				B46F2F1926859A6500601E29 /* FGPopupPriorityList.h */,
				B46F2F1A26859A6500601E29 /* FGPopupPriorityList.m */,
				B48AAB5226830C030081381E /* FGPopupQueue.h */,
				B48AAB5326830C030081381E /* FGPopupQueue.m */,
				B48AAB4C2682E19C0081381E /* FGPopupScheduler.h */,
				B48AAB4D2682E19C0081381E /* FGPopupScheduler.m */,
				B48AAB4B2682E19C0081381E /* FGPopupSchedulerConstant.h */,
				B48AAB51268306E90081381E /* FGPopupSchedulerStrategyQueue.h */,
				B46F2F152685969200601E29 /* FGPopupStack.h */,
				B46F2F162685969200601E29 /* FGPopupStack.m */,
				B48AAB4E2682E19C0081381E /* FGPopupView.h */,
			);
			name = FGPopupScheduler;
			path = ../../FGPopupScheduler;
			sourceTree = "<group>";
		};
		B491BCC82683555700281EDC /* popView */ = {
			isa = PBXGroup;
			children = (
				B491BCCF268356B100281EDC /* AnimationShowPopupView.h */,
				B491BCD0268356B100281EDC /* AnimationShowPopupView.m */,
				B491BCC92683557C00281EDC /* BasePopupView.h */,
				B491BCCA2683557C00281EDC /* BasePopupView.m */,
				B491BCD32683586400281EDC /* ConditionsPopView.h */,
				B491BCD42683586400281EDC /* ConditionsPopView.m */,
				B46F2F3F26878CC000601E29 /* PopupViewHandler.h */,
				B46F2F4026878CC000601E29 /* PopupViewHandler.m */,
				B46F2F1F2685A89B00601E29 /* PriorityPopupView.h */,
				B46F2F202685A89B00601E29 /* PriorityPopupView.m */,
			);
			path = popView;
			sourceTree = "<group>";
		};
		B491BCD7268358C700281EDC /* util */ = {
			isa = PBXGroup;
			children = (
				B491BCD8268358EF00281EDC /* UIView+Category.h */,
				B491BCD9268358EF00281EDC /* UIView+Category.m */,
				B491BD6E2684502F00281EDC /* Uitl.h */,
				B491BD6F2684502F00281EDC /* Uitl.m */,
			);
			path = util;
			sourceTree = "<group>";
		};
/* End PBXGroup section */

/* Begin PBXNativeTarget section */
		B48AAB2C2682E12A0081381E /* FGPopupSchedulerDemo */ = {
			isa = PBXNativeTarget;
			buildConfigurationList = B48AAB462682E12C0081381E /* Build configuration list for PBXNativeTarget "FGPopupSchedulerDemo" */;
			buildPhases = (
				B48AAB292682E12A0081381E /* Sources */,
				B48AAB2A2682E12A0081381E /* Frameworks */,
				B48AAB2B2682E12A0081381E /* Resources */,
			);
			buildRules = (
			);
			dependencies = (
			);
			name = FGPopupSchedulerDemo;
			productName = FGPopupSchedulerDemo;
			productReference = B48AAB2D2682E12A0081381E /* FGPopupSchedulerDemo.app */;
			productType = "com.apple.product-type.application";
		};
/* End PBXNativeTarget section */

/* Begin PBXProject section */
		B48AAB252682E12A0081381E /* Project object */ = {
			isa = PBXProject;
			attributes = {
				LastUpgradeCheck = 1230;
				TargetAttributes = {
					B48AAB2C2682E12A0081381E = {
						CreatedOnToolsVersion = 12.3;
					};
				};
			};
			buildConfigurationList = B48AAB282682E12A0081381E /* Build configuration list for PBXProject "FGPopupSchedulerDemo" */;
			compatibilityVersion = "Xcode 9.3";
			developmentRegion = en;
			hasScannedForEncodings = 0;
			knownRegions = (
				en,
				Base,
			);
			mainGroup = B48AAB242682E12A0081381E;
			productRefGroup = B48AAB2E2682E12A0081381E /* Products */;
			projectDirPath = "";
			projectRoot = "";
			targets = (
				B48AAB2C2682E12A0081381E /* FGPopupSchedulerDemo */,
			);
		};
/* End PBXProject section */

/* Begin PBXResourcesBuildPhase section */
		B48AAB2B2682E12A0081381E /* Resources */ = {
			isa = PBXResourcesBuildPhase;
			buildActionMask = 2147483647;
			files = (
				B48AAB402682E12C0081381E /* LaunchScreen.storyboard in Resources */,
				B48AAB3D2682E12C0081381E /* Assets.xcassets in Resources */,
				B48AAB3B2682E12A0081381E /* Main.storyboard in Resources */,
			);
			runOnlyForDeploymentPostprocessing = 0;
		};
/* End PBXResourcesBuildPhase section */

/* Begin PBXSourcesBuildPhase section */
		B48AAB292682E12A0081381E /* Sources */ = {
			isa = PBXSourcesBuildPhase;
			buildActionMask = 2147483647;
			files = (
				B48AAB4F2682E19C0081381E /* FGPopupScheduler.m in Sources */,
				B46F2F4126878CC000601E29 /* PopupViewHandler.m in Sources */,
				B48AAB382682E12A0081381E /* ViewController.m in Sources */,
				B491BCD52683586400281EDC /* ConditionsPopView.m in Sources */,
				B491BD702684502F00281EDC /* Uitl.m in Sources */,
				B48AAB322682E12A0081381E /* AppDelegate.m in Sources */,
				B491BCD1268356B100281EDC /* AnimationShowPopupView.m in Sources */,
				B46F2F172685969200601E29 /* FGPopupStack.m in Sources */,
				B46F2F1B26859A6500601E29 /* FGPopupPriorityList.m in Sources */,
				B491BCDF2683592900281EDC /* BlueViewController.m in Sources */,
				B48AAB5426830C030081381E /* FGPopupQueue.m in Sources */,
				B491BCCB2683557C00281EDC /* BasePopupView.m in Sources */,
				B48AAB432682E12C0081381E /* main.m in Sources */,
				B491BD742684586C00281EDC /* FGPopupList.mm in Sources */,
				B491BCDA268358EF00281EDC /* UIView+Category.m in Sources */,
				B48AAB352682E12A0081381E /* SceneDelegate.m in Sources */,
				B46F2F212685A89B00601E29 /* PriorityPopupView.m in Sources */,
			);
			runOnlyForDeploymentPostprocessing = 0;
		};
/* End PBXSourcesBuildPhase section */

/* Begin PBXVariantGroup section */
		B48AAB392682E12A0081381E /* Main.storyboard */ = {
			isa = PBXVariantGroup;
			children = (
				B48AAB3A2682E12A0081381E /* Base */,
			);
			name = Main.storyboard;
			sourceTree = "<group>";
		};
		B48AAB3E2682E12C0081381E /* LaunchScreen.storyboard */ = {
			isa = PBXVariantGroup;
			children = (
				B48AAB3F2682E12C0081381E /* Base */,
			);
			name = LaunchScreen.storyboard;
			sourceTree = "<group>";
		};
/* End PBXVariantGroup section */

/* Begin XCBuildConfiguration section */
		B48AAB442682E12C0081381E /* Debug */ = {
			isa = XCBuildConfiguration;
			buildSettings = {
				ALWAYS_SEARCH_USER_PATHS = NO;
				CLANG_ANALYZER_NONNULL = YES;
				CLANG_ANALYZER_NUMBER_OBJECT_CONVERSION = YES_AGGRESSIVE;
				CLANG_CXX_LANGUAGE_STANDARD = "gnu++14";
				CLANG_CXX_LIBRARY = "libc++";
				CLANG_ENABLE_MODULES = YES;
				CLANG_ENABLE_OBJC_ARC = YES;
				CLANG_ENABLE_OBJC_WEAK = YES;
				CLANG_WARN_BLOCK_CAPTURE_AUTORELEASING = YES;
				CLANG_WARN_BOOL_CONVERSION = YES;
				CLANG_WARN_COMMA = YES;
				CLANG_WARN_CONSTANT_CONVERSION = YES;
				CLANG_WARN_DEPRECATED_OBJC_IMPLEMENTATIONS = YES;
				CLANG_WARN_DIRECT_OBJC_ISA_USAGE = YES_ERROR;
				CLANG_WARN_DOCUMENTATION_COMMENTS = YES;
				CLANG_WARN_EMPTY_BODY = YES;
				CLANG_WARN_ENUM_CONVERSION = YES;
				CLANG_WARN_INFINITE_RECURSION = YES;
				CLANG_WARN_INT_CONVERSION = YES;
				CLANG_WARN_NON_LITERAL_NULL_CONVERSION = YES;
				CLANG_WARN_OBJC_IMPLICIT_RETAIN_SELF = YES;
				CLANG_WARN_OBJC_LITERAL_CONVERSION = YES;
				CLANG_WARN_OBJC_ROOT_CLASS = YES_ERROR;
				CLANG_WARN_QUOTED_INCLUDE_IN_FRAMEWORK_HEADER = YES;
				CLANG_WARN_RANGE_LOOP_ANALYSIS = YES;
				CLANG_WARN_STRICT_PROTOTYPES = YES;
				CLANG_WARN_SUSPICIOUS_MOVE = YES;
				CLANG_WARN_UNGUARDED_AVAILABILITY = YES_AGGRESSIVE;
				CLANG_WARN_UNREACHABLE_CODE = YES;
				CLANG_WARN__DUPLICATE_METHOD_MATCH = YES;
				COPY_PHASE_STRIP = NO;
				DEBUG_INFORMATION_FORMAT = dwarf;
				ENABLE_STRICT_OBJC_MSGSEND = YES;
				ENABLE_TESTABILITY = YES;
				GCC_C_LANGUAGE_STANDARD = gnu11;
				GCC_DYNAMIC_NO_PIC = NO;
				GCC_NO_COMMON_BLOCKS = YES;
				GCC_OPTIMIZATION_LEVEL = 0;
				GCC_PREPROCESSOR_DEFINITIONS = (
					"DEBUG=1",
					"$(inherited)",
				);
				GCC_WARN_64_TO_32_BIT_CONVERSION = YES;
				GCC_WARN_ABOUT_RETURN_TYPE = YES_ERROR;
				GCC_WARN_UNDECLARED_SELECTOR = YES;
				GCC_WARN_UNINITIALIZED_AUTOS = YES_AGGRESSIVE;
				GCC_WARN_UNUSED_FUNCTION = YES;
				GCC_WARN_UNUSED_VARIABLE = YES;
				IPHONEOS_DEPLOYMENT_TARGET = 14.3;
				MTL_ENABLE_DEBUG_INFO = INCLUDE_SOURCE;
				MTL_FAST_MATH = YES;
				ONLY_ACTIVE_ARCH = YES;
				SDKROOT = iphoneos;
			};
			name = Debug;
		};
		B48AAB452682E12C0081381E /* Release */ = {
			isa = XCBuildConfiguration;
			buildSettings = {
				ALWAYS_SEARCH_USER_PATHS = NO;
				CLANG_ANALYZER_NONNULL = YES;
				CLANG_ANALYZER_NUMBER_OBJECT_CONVERSION = YES_AGGRESSIVE;
				CLANG_CXX_LANGUAGE_STANDARD = "gnu++14";
				CLANG_CXX_LIBRARY = "libc++";
				CLANG_ENABLE_MODULES = YES;
				CLANG_ENABLE_OBJC_ARC = YES;
				CLANG_ENABLE_OBJC_WEAK = YES;
				CLANG_WARN_BLOCK_CAPTURE_AUTORELEASING = YES;
				CLANG_WARN_BOOL_CONVERSION = YES;
				CLANG_WARN_COMMA = YES;
				CLANG_WARN_CONSTANT_CONVERSION = YES;
				CLANG_WARN_DEPRECATED_OBJC_IMPLEMENTATIONS = YES;
				CLANG_WARN_DIRECT_OBJC_ISA_USAGE = YES_ERROR;
				CLANG_WARN_DOCUMENTATION_COMMENTS = YES;
				CLANG_WARN_EMPTY_BODY = YES;
				CLANG_WARN_ENUM_CONVERSION = YES;
				CLANG_WARN_INFINITE_RECURSION = YES;
				CLANG_WARN_INT_CONVERSION = YES;
				CLANG_WARN_NON_LITERAL_NULL_CONVERSION = YES;
				CLANG_WARN_OBJC_IMPLICIT_RETAIN_SELF = YES;
				CLANG_WARN_OBJC_LITERAL_CONVERSION = YES;
				CLANG_WARN_OBJC_ROOT_CLASS = YES_ERROR;
				CLANG_WARN_QUOTED_INCLUDE_IN_FRAMEWORK_HEADER = YES;
				CLANG_WARN_RANGE_LOOP_ANALYSIS = YES;
				CLANG_WARN_STRICT_PROTOTYPES = YES;
				CLANG_WARN_SUSPICIOUS_MOVE = YES;
				CLANG_WARN_UNGUARDED_AVAILABILITY = YES_AGGRESSIVE;
				CLANG_WARN_UNREACHABLE_CODE = YES;
				CLANG_WARN__DUPLICATE_METHOD_MATCH = YES;
				COPY_PHASE_STRIP = NO;
				DEBUG_INFORMATION_FORMAT = "dwarf-with-dsym";
				ENABLE_NS_ASSERTIONS = NO;
				ENABLE_STRICT_OBJC_MSGSEND = YES;
				GCC_C_LANGUAGE_STANDARD = gnu11;
				GCC_NO_COMMON_BLOCKS = YES;
				GCC_WARN_64_TO_32_BIT_CONVERSION = YES;
				GCC_WARN_ABOUT_RETURN_TYPE = YES_ERROR;
				GCC_WARN_UNDECLARED_SELECTOR = YES;
				GCC_WARN_UNINITIALIZED_AUTOS = YES_AGGRESSIVE;
				GCC_WARN_UNUSED_FUNCTION = YES;
				GCC_WARN_UNUSED_VARIABLE = YES;
				IPHONEOS_DEPLOYMENT_TARGET = 14.3;
				MTL_ENABLE_DEBUG_INFO = NO;
				MTL_FAST_MATH = YES;
				SDKROOT = iphoneos;
				VALIDATE_PRODUCT = YES;
			};
			name = Release;
		};
		B48AAB472682E12C0081381E /* Debug */ = {
			isa = XCBuildConfiguration;
			buildSettings = {
				ASSETCATALOG_COMPILER_APPICON_NAME = AppIcon;
				ASSETCATALOG_COMPILER_GLOBAL_ACCENT_COLOR_NAME = AccentColor;
				CODE_SIGN_STYLE = Automatic;
				DEVELOPMENT_TEAM = T6YKNC9RA4;
				INFOPLIST_FILE = FGPopupSchedulerDemo/Info.plist;
				LD_RUNPATH_SEARCH_PATHS = (
					"$(inherited)",
					"@executable_path/Frameworks",
				);
				PRODUCT_BUNDLE_IDENTIFIER = FongG.com.FGPopupSchedulerDemo;
				PRODUCT_NAME = "$(TARGET_NAME)";
				TARGETED_DEVICE_FAMILY = "1,2";
			};
			name = Debug;
		};
		B48AAB482682E12C0081381E /* Release */ = {
			isa = XCBuildConfiguration;
			buildSettings = {
				ASSETCATALOG_COMPILER_APPICON_NAME = AppIcon;
				ASSETCATALOG_COMPILER_GLOBAL_ACCENT_COLOR_NAME = AccentColor;
				CODE_SIGN_STYLE = Automatic;
				DEVELOPMENT_TEAM = T6YKNC9RA4;
				INFOPLIST_FILE = FGPopupSchedulerDemo/Info.plist;
				LD_RUNPATH_SEARCH_PATHS = (
					"$(inherited)",
					"@executable_path/Frameworks",
				);
				PRODUCT_BUNDLE_IDENTIFIER = FongG.com.FGPopupSchedulerDemo;
				PRODUCT_NAME = "$(TARGET_NAME)";
				TARGETED_DEVICE_FAMILY = "1,2";
			};
			name = Release;
		};
/* End XCBuildConfiguration section */

/* Begin XCConfigurationList section */
		B48AAB282682E12A0081381E /* Build configuration list for PBXProject "FGPopupSchedulerDemo" */ = {
			isa = XCConfigurationList;
			buildConfigurations = (
				B48AAB442682E12C0081381E /* Debug */,
				B48AAB452682E12C0081381E /* Release */,
			);
			defaultConfigurationIsVisible = 0;
			defaultConfigurationName = Release;
		};
		B48AAB462682E12C0081381E /* Build configuration list for PBXNativeTarget "FGPopupSchedulerDemo" */ = {
			isa = XCConfigurationList;
			buildConfigurations = (
				B48AAB472682E12C0081381E /* Debug */,
				B48AAB482682E12C0081381E /* Release */,
			);
			defaultConfigurationIsVisible = 0;
			defaultConfigurationName = Release;
		};
/* End XCConfigurationList section */
	};
	rootObject = B48AAB252682E12A0081381E /* Project object */;
}
